// !$*UTF8*$!
{
	archiveVersion = 1;
	classes = {
	};
	objectVersion = 55;
	objects = {

/* Begin PBXBuildFile section */
		0E174986286F551000DEC0BA /* ilanurApp.swift in Sources */ = {isa = PBXBuildFile; fileRef = 0E174985286F551000DEC0BA /* ilanurApp.swift */; };
		0E174988286F551000DEC0BA /* ContentView.swift in Sources */ = {isa = PBXBuildFile; fileRef = 0E174987286F551000DEC0BA /* ContentView.swift */; };
		0E17498A286F551300DEC0BA /* Assets.xcassets in Resources */ = {isa = PBXBuildFile; fileRef = 0E174989286F551300DEC0BA /* Assets.xcassets */; };
		0E17498D286F551300DEC0BA /* Preview Assets.xcassets in Resources */ = {isa = PBXBuildFile; fileRef = 0E17498C286F551300DEC0BA /* Preview Assets.xcassets */; };
		0E174997286F551300DEC0BA /* ilanurTests.swift in Sources */ = {isa = PBXBuildFile; fileRef = 0E174996286F551300DEC0BA /* ilanurTests.swift */; };
		0E1749A1286F551300DEC0BA /* ilanurUITests.swift in Sources */ = {isa = PBXBuildFile; fileRef = 0E1749A0286F551300DEC0BA /* ilanurUITests.swift */; };
		0E1749A3286F551300DEC0BA /* ilanurUITestsLaunchTests.swift in Sources */ = {isa = PBXBuildFile; fileRef = 0E1749A2286F551300DEC0BA /* ilanurUITestsLaunchTests.swift */; };
		0E45BB122871E83000C53C21 /* Model.swift in Sources */ = {isa = PBXBuildFile; fileRef = 0E45BB102871E83000C53C21 /* Model.swift */; };
		0E45BB172871E84400C53C21 /* NameDetail.swift in Sources */ = {isa = PBXBuildFile; fileRef = 0E45BB152871E84400C53C21 /* NameDetail.swift */; };
		0E45BB182871E84400C53C21 /* NamesView.swift in Sources */ = {isa = PBXBuildFile; fileRef = 0E45BB162871E84400C53C21 /* NamesView.swift */; };
		0E45BB192871E84400C53C21 /* NameCard.swift in Sources */ = {isa = PBXBuildFile; fileRef = 0E45BB142871E84400C53C21 /* NameCard.swift */; };
		0E45BB1F2871ECC400C53C21 /* NotoKufiArabic-Medium.ttf in Resources */ = {isa = PBXBuildFile; fileRef = 0E45BB1E2871ECC400C53C21 /* NotoKufiArabic-Medium.ttf */; };
		0E45BB242871ED3F00C53C21 /* ProfileCard.swift in Sources */ = {isa = PBXBuildFile; fileRef = 0E45BB222871ED3F00C53C21 /* ProfileCard.swift */; };
		0E45BB252871ED3F00C53C21 /* SettingsView.swift in Sources */ = {isa = PBXBuildFile; fileRef = 0E45BB232871ED3F00C53C21 /* SettingsView.swift */; };
		0E725B2828885822006FA977 /* Database.swift in Sources */ = {isa = PBXBuildFile; fileRef = 0E725B2728885822006FA977 /* Database.swift */; };
		0EA9F20E286F71A900ACCAD7 /* WelcomeView.swift in Sources */ = {isa = PBXBuildFile; fileRef = 0EA9F20D286F71A900ACCAD7 /* WelcomeView.swift */; };
		0EA9F210286F72EA00ACCAD7 /* InformationContainerView.swift in Sources */ = {isa = PBXBuildFile; fileRef = 0EA9F20F286F72EA00ACCAD7 /* InformationContainerView.swift */; };
		0EA9F212286F730600ACCAD7 /* InformationDetailView.swift in Sources */ = {isa = PBXBuildFile; fileRef = 0EA9F211286F730600ACCAD7 /* InformationDetailView.swift */; };
		0EA9F214286F731300ACCAD7 /* TitleView.swift in Sources */ = {isa = PBXBuildFile; fileRef = 0EA9F213286F731300ACCAD7 /* TitleView.swift */; };
		0EA9F216286F732600ACCAD7 /* ButtonModifier.swift in Sources */ = {isa = PBXBuildFile; fileRef = 0EA9F215286F732600ACCAD7 /* ButtonModifier.swift */; };
		0EA9F219286F929900ACCAD7 /* SplashView.swift in Sources */ = {isa = PBXBuildFile; fileRef = 0EA9F218286F929900ACCAD7 /* SplashView.swift */; };
		0EA9F21C286F95A700ACCAD7 /* LocationManager.swift in Sources */ = {isa = PBXBuildFile; fileRef = 0EA9F21B286F95A700ACCAD7 /* LocationManager.swift */; };
		0EA9F21F286F95BE00ACCAD7 /* Adhan in Frameworks */ = {isa = PBXBuildFile; productRef = 0EA9F21E286F95BE00ACCAD7 /* Adhan */; };
		0EA9F221286F95F000ACCAD7 /* AdhanView.swift in Sources */ = {isa = PBXBuildFile; fileRef = 0EA9F220286F95F000ACCAD7 /* AdhanView.swift */; };
		0EA9F223286F9C1000ACCAD7 /* RequestLocationView.swift in Sources */ = {isa = PBXBuildFile; fileRef = 0EA9F222286F9C1000ACCAD7 /* RequestLocationView.swift */; };
		0EAB51562884869500463D55 /* ViewModel.swift in Sources */ = {isa = PBXBuildFile; fileRef = 0EAB51552884869500463D55 /* ViewModel.swift */; };
		0EBC2C8D286F569000D62341 /* BottomBar.swift in Sources */ = {isa = PBXBuildFile; fileRef = 0EBC2C8C286F569000D62341 /* BottomBar.swift */; };
		0EE7F58D2870F20F0028C508 /* Extensions.swift in Sources */ = {isa = PBXBuildFile; fileRef = 0EE7F58C2870F20F0028C508 /* Extensions.swift */; };
		0EE7F58F2870F72D0028C508 /* SheetView.swift in Sources */ = {isa = PBXBuildFile; fileRef = 0EE7F58E2870F72D0028C508 /* SheetView.swift */; };
		0EF561B028734E3900A061EC /* TestView.swift in Sources */ = {isa = PBXBuildFile; fileRef = 0EF561AF28734E3900A061EC /* TestView.swift */; };
/* End PBXBuildFile section */

/* Begin PBXContainerItemProxy section */
		0E174993286F551300DEC0BA /* PBXContainerItemProxy */ = {
			isa = PBXContainerItemProxy;
			containerPortal = 0E17497A286F551000DEC0BA /* Project object */;
			proxyType = 1;
			remoteGlobalIDString = 0E174981286F551000DEC0BA;
			remoteInfo = ilanur;
		};
		0E17499D286F551300DEC0BA /* PBXContainerItemProxy */ = {
			isa = PBXContainerItemProxy;
			containerPortal = 0E17497A286F551000DEC0BA /* Project object */;
			proxyType = 1;
			remoteGlobalIDString = 0E174981286F551000DEC0BA;
			remoteInfo = ilanur;
		};
/* End PBXContainerItemProxy section */

/* Begin PBXFileReference section */
		0E174982286F551000DEC0BA /* ilanur.app */ = {isa = PBXFileReference; explicitFileType = wrapper.application; includeInIndex = 0; path = ilanur.app; sourceTree = BUILT_PRODUCTS_DIR; };
		0E174985286F551000DEC0BA /* ilanurApp.swift */ = {isa = PBXFileReference; lastKnownFileType = sourcecode.swift; path = ilanurApp.swift; sourceTree = "<group>"; };
		0E174987286F551000DEC0BA /* ContentView.swift */ = {isa = PBXFileReference; lastKnownFileType = sourcecode.swift; path = ContentView.swift; sourceTree = "<group>"; };
		0E174989286F551300DEC0BA /* Assets.xcassets */ = {isa = PBXFileReference; lastKnownFileType = folder.assetcatalog; path = Assets.xcassets; sourceTree = "<group>"; };
		0E17498C286F551300DEC0BA /* Preview Assets.xcassets */ = {isa = PBXFileReference; lastKnownFileType = folder.assetcatalog; path = "Preview Assets.xcassets"; sourceTree = "<group>"; };
		0E174992286F551300DEC0BA /* ilanurTests.xctest */ = {isa = PBXFileReference; explicitFileType = wrapper.cfbundle; includeInIndex = 0; path = ilanurTests.xctest; sourceTree = BUILT_PRODUCTS_DIR; };
		0E174996286F551300DEC0BA /* ilanurTests.swift */ = {isa = PBXFileReference; lastKnownFileType = sourcecode.swift; path = ilanurTests.swift; sourceTree = "<group>"; };
		0E17499C286F551300DEC0BA /* ilanurUITests.xctest */ = {isa = PBXFileReference; explicitFileType = wrapper.cfbundle; includeInIndex = 0; path = ilanurUITests.xctest; sourceTree = BUILT_PRODUCTS_DIR; };
		0E1749A0286F551300DEC0BA /* ilanurUITests.swift */ = {isa = PBXFileReference; lastKnownFileType = sourcecode.swift; path = ilanurUITests.swift; sourceTree = "<group>"; };
		0E1749A2286F551300DEC0BA /* ilanurUITestsLaunchTests.swift */ = {isa = PBXFileReference; lastKnownFileType = sourcecode.swift; path = ilanurUITestsLaunchTests.swift; sourceTree = "<group>"; };
		0E45BB102871E83000C53C21 /* Model.swift */ = {isa = PBXFileReference; lastKnownFileType = sourcecode.swift; path = Model.swift; sourceTree = "<group>"; };
		0E45BB142871E84400C53C21 /* NameCard.swift */ = {isa = PBXFileReference; lastKnownFileType = sourcecode.swift; path = NameCard.swift; sourceTree = "<group>"; };
		0E45BB152871E84400C53C21 /* NameDetail.swift */ = {isa = PBXFileReference; lastKnownFileType = sourcecode.swift; path = NameDetail.swift; sourceTree = "<group>"; };
		0E45BB162871E84400C53C21 /* NamesView.swift */ = {isa = PBXFileReference; lastKnownFileType = sourcecode.swift; path = NamesView.swift; sourceTree = "<group>"; };
		0E45BB1E2871ECC400C53C21 /* NotoKufiArabic-Medium.ttf */ = {isa = PBXFileReference; lastKnownFileType = file; path = "NotoKufiArabic-Medium.ttf"; sourceTree = "<group>"; };
		0E45BB222871ED3F00C53C21 /* ProfileCard.swift */ = {isa = PBXFileReference; fileEncoding = 4; lastKnownFileType = sourcecode.swift; path = ProfileCard.swift; sourceTree = "<group>"; };
		0E45BB232871ED3F00C53C21 /* SettingsView.swift */ = {isa = PBXFileReference; fileEncoding = 4; lastKnownFileType = sourcecode.swift; path = SettingsView.swift; sourceTree = "<group>"; };
		0E725B2728885822006FA977 /* Database.swift */ = {isa = PBXFileReference; lastKnownFileType = sourcecode.swift; path = Database.swift; sourceTree = "<group>"; };
		0EA9F20D286F71A900ACCAD7 /* WelcomeView.swift */ = {isa = PBXFileReference; lastKnownFileType = sourcecode.swift; path = WelcomeView.swift; sourceTree = "<group>"; };
		0EA9F20F286F72EA00ACCAD7 /* InformationContainerView.swift */ = {isa = PBXFileReference; fileEncoding = 4; lastKnownFileType = sourcecode.swift; path = InformationContainerView.swift; sourceTree = "<group>"; };
		0EA9F211286F730600ACCAD7 /* InformationDetailView.swift */ = {isa = PBXFileReference; fileEncoding = 4; lastKnownFileType = sourcecode.swift; path = InformationDetailView.swift; sourceTree = "<group>"; };
		0EA9F213286F731300ACCAD7 /* TitleView.swift */ = {isa = PBXFileReference; fileEncoding = 4; lastKnownFileType = sourcecode.swift; path = TitleView.swift; sourceTree = "<group>"; };
		0EA9F215286F732600ACCAD7 /* ButtonModifier.swift */ = {isa = PBXFileReference; fileEncoding = 4; lastKnownFileType = sourcecode.swift; path = ButtonModifier.swift; sourceTree = "<group>"; };
		0EA9F217286F893C00ACCAD7 /* Info.plist */ = {isa = PBXFileReference; lastKnownFileType = text.plist; path = Info.plist; sourceTree = "<group>"; };
		0EA9F218286F929900ACCAD7 /* SplashView.swift */ = {isa = PBXFileReference; lastKnownFileType = sourcecode.swift; path = SplashView.swift; sourceTree = "<group>"; };
		0EA9F21B286F95A700ACCAD7 /* LocationManager.swift */ = {isa = PBXFileReference; lastKnownFileType = sourcecode.swift; path = LocationManager.swift; sourceTree = "<group>"; };
		0EA9F220286F95F000ACCAD7 /* AdhanView.swift */ = {isa = PBXFileReference; lastKnownFileType = sourcecode.swift; path = AdhanView.swift; sourceTree = "<group>"; };
		0EA9F222286F9C1000ACCAD7 /* RequestLocationView.swift */ = {isa = PBXFileReference; lastKnownFileType = sourcecode.swift; path = RequestLocationView.swift; sourceTree = "<group>"; };
		0EAB51552884869500463D55 /* ViewModel.swift */ = {isa = PBXFileReference; fileEncoding = 4; lastKnownFileType = sourcecode.swift; path = ViewModel.swift; sourceTree = "<group>"; };
		0EBC2C8C286F569000D62341 /* BottomBar.swift */ = {isa = PBXFileReference; lastKnownFileType = sourcecode.swift; path = BottomBar.swift; sourceTree = "<group>"; };
		0EE7F58C2870F20F0028C508 /* Extensions.swift */ = {isa = PBXFileReference; lastKnownFileType = sourcecode.swift; path = Extensions.swift; sourceTree = "<group>"; };
		0EE7F58E2870F72D0028C508 /* SheetView.swift */ = {isa = PBXFileReference; lastKnownFileType = sourcecode.swift; path = SheetView.swift; sourceTree = "<group>"; };
		0EF561AF28734E3900A061EC /* TestView.swift */ = {isa = PBXFileReference; lastKnownFileType = sourcecode.swift; path = TestView.swift; sourceTree = "<group>"; };
/* End PBXFileReference section */

/* Begin PBXFrameworksBuildPhase section */
		0E17497F286F551000DEC0BA /* Frameworks */ = {
			isa = PBXFrameworksBuildPhase;
			buildActionMask = 2147483647;
			files = (
				0EA9F21F286F95BE00ACCAD7 /* Adhan in Frameworks */,
			);
			runOnlyForDeploymentPostprocessing = 0;
		};
		0E17498F286F551300DEC0BA /* Frameworks */ = {
			isa = PBXFrameworksBuildPhase;
			buildActionMask = 2147483647;
			files = (
			);
			runOnlyForDeploymentPostprocessing = 0;
		};
		0E174999286F551300DEC0BA /* Frameworks */ = {
			isa = PBXFrameworksBuildPhase;
			buildActionMask = 2147483647;
			files = (
			);
			runOnlyForDeploymentPostprocessing = 0;
		};
/* End PBXFrameworksBuildPhase section */

/* Begin PBXGroup section */
		0E174979286F551000DEC0BA = {
			isa = PBXGroup;
			children = (
				0E174984286F551000DEC0BA /* ilanur */,
				0E174995286F551300DEC0BA /* ilanurTests */,
				0E17499F286F551300DEC0BA /* ilanurUITests */,
				0E174983286F551000DEC0BA /* Products */,
			);
			sourceTree = "<group>";
		};
		0E174983286F551000DEC0BA /* Products */ = {
			isa = PBXGroup;
			children = (
				0E174982286F551000DEC0BA /* ilanur.app */,
				0E174992286F551300DEC0BA /* ilanurTests.xctest */,
				0E17499C286F551300DEC0BA /* ilanurUITests.xctest */,
			);
			name = Products;
			sourceTree = "<group>";
		};
		0E174984286F551000DEC0BA /* ilanur */ = {
			isa = PBXGroup;
			children = (
				0EA9F217286F893C00ACCAD7 /* Info.plist */,
				0EA9F21A286F959800ACCAD7 /* Model */,
				0EBC2C88286F565C00D62341 /* Views */,
				0E45BB1D2871EC9C00C53C21 /* Fonts */,
				0E174985286F551000DEC0BA /* ilanurApp.swift */,
				0E174989286F551300DEC0BA /* Assets.xcassets */,
				0E17498B286F551300DEC0BA /* Preview Content */,
				0EE7F58C2870F20F0028C508 /* Extensions.swift */,
			);
			path = ilanur;
			sourceTree = "<group>";
		};
		0E17498B286F551300DEC0BA /* Preview Content */ = {
			isa = PBXGroup;
			children = (
				0E17498C286F551300DEC0BA /* Preview Assets.xcassets */,
			);
			path = "Preview Content";
			sourceTree = "<group>";
		};
		0E174995286F551300DEC0BA /* ilanurTests */ = {
			isa = PBXGroup;
			children = (
				0E174996286F551300DEC0BA /* ilanurTests.swift */,
			);
			path = ilanurTests;
			sourceTree = "<group>";
		};
		0E17499F286F551300DEC0BA /* ilanurUITests */ = {
			isa = PBXGroup;
			children = (
				0E1749A0286F551300DEC0BA /* ilanurUITests.swift */,
				0E1749A2286F551300DEC0BA /* ilanurUITestsLaunchTests.swift */,
			);
			path = ilanurUITests;
			sourceTree = "<group>";
		};
		0E45BB132871E83A00C53C21 /* Model */ = {
			isa = PBXGroup;
			children = (
				0EAB51552884869500463D55 /* ViewModel.swift */,
				0E45BB102871E83000C53C21 /* Model.swift */,
				0E725B2728885822006FA977 /* Database.swift */,
			);
			path = Model;
			sourceTree = "<group>";
		};
		0E45BB1A2871E86000C53C21 /* View */ = {
			isa = PBXGroup;
			children = (
				0E45BB142871E84400C53C21 /* NameCard.swift */,
				0E45BB152871E84400C53C21 /* NameDetail.swift */,
				0E45BB162871E84400C53C21 /* NamesView.swift */,
			);
			path = View;
			sourceTree = "<group>";
		};
		0E45BB1D2871EC9C00C53C21 /* Fonts */ = {
			isa = PBXGroup;
			children = (
				0E45BB1E2871ECC400C53C21 /* NotoKufiArabic-Medium.ttf */,
			);
			path = Fonts;
			sourceTree = "<group>";
		};
		0EA9F20C286F70C600ACCAD7 /* Welcome */ = {
			isa = PBXGroup;
			children = (
				0EA9F20D286F71A900ACCAD7 /* WelcomeView.swift */,
				0EA9F20F286F72EA00ACCAD7 /* InformationContainerView.swift */,
				0EA9F211286F730600ACCAD7 /* InformationDetailView.swift */,
				0EA9F213286F731300ACCAD7 /* TitleView.swift */,
				0EA9F215286F732600ACCAD7 /* ButtonModifier.swift */,
				0EA9F218286F929900ACCAD7 /* SplashView.swift */,
			);
			path = Welcome;
			sourceTree = "<group>";
		};
		0EA9F21A286F959800ACCAD7 /* Model */ = {
			isa = PBXGroup;
			children = (
				0EA9F21B286F95A700ACCAD7 /* LocationManager.swift */,
			);
			path = Model;
			sourceTree = "<group>";
		};
		0EBC2C88286F565C00D62341 /* Views */ = {
			isa = PBXGroup;
			children = (
				0EA9F20C286F70C600ACCAD7 /* Welcome */,
				0EBC2C8B286F567A00D62341 /* Settings */,
				0EBC2C8A286F566900D62341 /* Name */,
				0EBC2C89286F566300D62341 /* Adhan */,
				0E174987286F551000DEC0BA /* ContentView.swift */,
				0EBC2C8C286F569000D62341 /* BottomBar.swift */,
				0EF561AF28734E3900A061EC /* TestView.swift */,
			);
			path = Views;
			sourceTree = "<group>";
		};
		0EBC2C89286F566300D62341 /* Adhan */ = {
			isa = PBXGroup;
			children = (
				0EA9F220286F95F000ACCAD7 /* AdhanView.swift */,
				0EA9F222286F9C1000ACCAD7 /* RequestLocationView.swift */,
				0EE7F58E2870F72D0028C508 /* SheetView.swift */,
			);
			path = Adhan;
			sourceTree = "<group>";
		};
		0EBC2C8A286F566900D62341 /* Name */ = {
			isa = PBXGroup;
			children = (
				0E45BB132871E83A00C53C21 /* Model */,
				0E45BB1A2871E86000C53C21 /* View */,
			);
			path = Name;
			sourceTree = "<group>";
		};
		0EBC2C8B286F567A00D62341 /* Settings */ = {
			isa = PBXGroup;
			children = (
				0E45BB222871ED3F00C53C21 /* ProfileCard.swift */,
				0E45BB232871ED3F00C53C21 /* SettingsView.swift */,
			);
			path = Settings;
			sourceTree = "<group>";
		};
/* End PBXGroup section */

/* Begin PBXNativeTarget section */
		0E174981286F551000DEC0BA /* ilanur */ = {
			isa = PBXNativeTarget;
			buildConfigurationList = 0E1749A6286F551300DEC0BA /* Build configuration list for PBXNativeTarget "ilanur" */;
			buildPhases = (
				0E17497E286F551000DEC0BA /* Sources */,
				0E17497F286F551000DEC0BA /* Frameworks */,
				0E174980286F551000DEC0BA /* Resources */,
			);
			buildRules = (
			);
			dependencies = (
			);
			name = ilanur;
			packageProductDependencies = (
				0EA9F21E286F95BE00ACCAD7 /* Adhan */,
			);
			productName = ilanur;
			productReference = 0E174982286F551000DEC0BA /* ilanur.app */;
			productType = "com.apple.product-type.application";
		};
		0E174991286F551300DEC0BA /* ilanurTests */ = {
			isa = PBXNativeTarget;
			buildConfigurationList = 0E1749A9286F551300DEC0BA /* Build configuration list for PBXNativeTarget "ilanurTests" */;
			buildPhases = (
				0E17498E286F551300DEC0BA /* Sources */,
				0E17498F286F551300DEC0BA /* Frameworks */,
				0E174990286F551300DEC0BA /* Resources */,
			);
			buildRules = (
			);
			dependencies = (
				0E174994286F551300DEC0BA /* PBXTargetDependency */,
			);
			name = ilanurTests;
			productName = ilanurTests;
			productReference = 0E174992286F551300DEC0BA /* ilanurTests.xctest */;
			productType = "com.apple.product-type.bundle.unit-test";
		};
		0E17499B286F551300DEC0BA /* ilanurUITests */ = {
			isa = PBXNativeTarget;
			buildConfigurationList = 0E1749AC286F551300DEC0BA /* Build configuration list for PBXNativeTarget "ilanurUITests" */;
			buildPhases = (
				0E174998286F551300DEC0BA /* Sources */,
				0E174999286F551300DEC0BA /* Frameworks */,
				0E17499A286F551300DEC0BA /* Resources */,
			);
			buildRules = (
			);
			dependencies = (
				0E17499E286F551300DEC0BA /* PBXTargetDependency */,
			);
			name = ilanurUITests;
			productName = ilanurUITests;
			productReference = 0E17499C286F551300DEC0BA /* ilanurUITests.xctest */;
			productType = "com.apple.product-type.bundle.ui-testing";
		};
/* End PBXNativeTarget section */

/* Begin PBXProject section */
		0E17497A286F551000DEC0BA /* Project object */ = {
			isa = PBXProject;
			attributes = {
				BuildIndependentTargetsInParallel = 1;
				LastSwiftUpdateCheck = 1340;
				LastUpgradeCheck = 1340;
				TargetAttributes = {
					0E174981286F551000DEC0BA = {
						CreatedOnToolsVersion = 13.4.1;
					};
					0E174991286F551300DEC0BA = {
						CreatedOnToolsVersion = 13.4.1;
						TestTargetID = 0E174981286F551000DEC0BA;
					};
					0E17499B286F551300DEC0BA = {
						CreatedOnToolsVersion = 13.4.1;
						TestTargetID = 0E174981286F551000DEC0BA;
					};
				};
			};
			buildConfigurationList = 0E17497D286F551000DEC0BA /* Build configuration list for PBXProject "ilanur" */;
			compatibilityVersion = "Xcode 13.0";
			developmentRegion = en;
			hasScannedForEncodings = 0;
			knownRegions = (
				en,
				Base,
			);
			mainGroup = 0E174979286F551000DEC0BA;
			packageReferences = (
				0EA9F21D286F95BE00ACCAD7 /* XCRemoteSwiftPackageReference "adhan-swift" */,
			);
			productRefGroup = 0E174983286F551000DEC0BA /* Products */;
			projectDirPath = "";
			projectRoot = "";
			targets = (
				0E174981286F551000DEC0BA /* ilanur */,
				0E174991286F551300DEC0BA /* ilanurTests */,
				0E17499B286F551300DEC0BA /* ilanurUITests */,
			);
		};
/* End PBXProject section */

/* Begin PBXResourcesBuildPhase section */
		0E174980286F551000DEC0BA /* Resources */ = {
			isa = PBXResourcesBuildPhase;
			buildActionMask = 2147483647;
			files = (
				0E17498D286F551300DEC0BA /* Preview Assets.xcassets in Resources */,
				0E45BB1F2871ECC400C53C21 /* NotoKufiArabic-Medium.ttf in Resources */,
				0E17498A286F551300DEC0BA /* Assets.xcassets in Resources */,
			);
			runOnlyForDeploymentPostprocessing = 0;
		};
		0E174990286F551300DEC0BA /* Resources */ = {
			isa = PBXResourcesBuildPhase;
			buildActionMask = 2147483647;
			files = (
			);
			runOnlyForDeploymentPostprocessing = 0;
		};
		0E17499A286F551300DEC0BA /* Resources */ = {
			isa = PBXResourcesBuildPhase;
			buildActionMask = 2147483647;
			files = (
			);
			runOnlyForDeploymentPostprocessing = 0;
		};
/* End PBXResourcesBuildPhase section */

/* Begin PBXSourcesBuildPhase section */
		0E17497E286F551000DEC0BA /* Sources */ = {
			isa = PBXSourcesBuildPhase;
			buildActionMask = 2147483647;
			files = (
				0E45BB252871ED3F00C53C21 /* SettingsView.swift in Sources */,
				0E174988286F551000DEC0BA /* ContentView.swift in Sources */,
				0EF561B028734E3900A061EC /* TestView.swift in Sources */,
				0E174986286F551000DEC0BA /* ilanurApp.swift in Sources */,
				0EA9F21C286F95A700ACCAD7 /* LocationManager.swift in Sources */,
				0EA9F216286F732600ACCAD7 /* ButtonModifier.swift in Sources */,
				0EBC2C8D286F569000D62341 /* BottomBar.swift in Sources */,
				0EA9F214286F731300ACCAD7 /* TitleView.swift in Sources */,
				0E45BB192871E84400C53C21 /* NameCard.swift in Sources */,
				0E45BB182871E84400C53C21 /* NamesView.swift in Sources */,
				0EA9F20E286F71A900ACCAD7 /* WelcomeView.swift in Sources */,
				0EA9F212286F730600ACCAD7 /* InformationDetailView.swift in Sources */,
				0EE7F58F2870F72D0028C508 /* SheetView.swift in Sources */,
				0EE7F58D2870F20F0028C508 /* Extensions.swift in Sources */,
				0EA9F210286F72EA00ACCAD7 /* InformationContainerView.swift in Sources */,
				0E45BB122871E83000C53C21 /* Model.swift in Sources */,
				0E45BB242871ED3F00C53C21 /* ProfileCard.swift in Sources */,
				0EA9F223286F9C1000ACCAD7 /* RequestLocationView.swift in Sources */,
				0E45BB172871E84400C53C21 /* NameDetail.swift in Sources */,
				0EAB51562884869500463D55 /* ViewModel.swift in Sources */,
				0EA9F219286F929900ACCAD7 /* SplashView.swift in Sources */,
				0EA9F221286F95F000ACCAD7 /* AdhanView.swift in Sources */,
				0E725B2828885822006FA977 /* Database.swift in Sources */,
			);
			runOnlyForDeploymentPostprocessing = 0;
		};
		0E17498E286F551300DEC0BA /* Sources */ = {
			isa = PBXSourcesBuildPhase;
			buildActionMask = 2147483647;
			files = (
				0E174997286F551300DEC0BA /* ilanurTests.swift in Sources */,
			);
			runOnlyForDeploymentPostprocessing = 0;
		};
		0E174998286F551300DEC0BA /* Sources */ = {
			isa = PBXSourcesBuildPhase;
			buildActionMask = 2147483647;
			files = (
				0E1749A1286F551300DEC0BA /* ilanurUITests.swift in Sources */,
				0E1749A3286F551300DEC0BA /* ilanurUITestsLaunchTests.swift in Sources */,
			);
			runOnlyForDeploymentPostprocessing = 0;
		};
/* End PBXSourcesBuildPhase section */

/* Begin PBXTargetDependency section */
		0E174994286F551300DEC0BA /* PBXTargetDependency */ = {
			isa = PBXTargetDependency;
			target = 0E174981286F551000DEC0BA /* ilanur */;
			targetProxy = 0E174993286F551300DEC0BA /* PBXContainerItemProxy */;
		};
		0E17499E286F551300DEC0BA /* PBXTargetDependency */ = {
			isa = PBXTargetDependency;
			target = 0E174981286F551000DEC0BA /* ilanur */;
			targetProxy = 0E17499D286F551300DEC0BA /* PBXContainerItemProxy */;
		};
/* End PBXTargetDependency section */

/* Begin XCBuildConfiguration section */
		0E1749A4286F551300DEC0BA /* Debug */ = {
			isa = XCBuildConfiguration;
			buildSettings = {
				ALWAYS_SEARCH_USER_PATHS = NO;
				CLANG_ANALYZER_NONNULL = YES;
				CLANG_ANALYZER_NUMBER_OBJECT_CONVERSION = YES_AGGRESSIVE;
				CLANG_CXX_LANGUAGE_STANDARD = "gnu++17";
				CLANG_ENABLE_MODULES = YES;
				CLANG_ENABLE_OBJC_ARC = YES;
				CLANG_ENABLE_OBJC_WEAK = YES;
				CLANG_WARN_BLOCK_CAPTURE_AUTORELEASING = YES;
				CLANG_WARN_BOOL_CONVERSION = YES;
				CLANG_WARN_COMMA = YES;
				CLANG_WARN_CONSTANT_CONVERSION = YES;
				CLANG_WARN_DEPRECATED_OBJC_IMPLEMENTATIONS = YES;
				CLANG_WARN_DIRECT_OBJC_ISA_USAGE = YES_ERROR;
				CLANG_WARN_DOCUMENTATION_COMMENTS = YES;
				CLANG_WARN_EMPTY_BODY = YES;
				CLANG_WARN_ENUM_CONVERSION = YES;
				CLANG_WARN_INFINITE_RECURSION = YES;
				CLANG_WARN_INT_CONVERSION = YES;
				CLANG_WARN_NON_LITERAL_NULL_CONVERSION = YES;
				CLANG_WARN_OBJC_IMPLICIT_RETAIN_SELF = YES;
				CLANG_WARN_OBJC_LITERAL_CONVERSION = YES;
				CLANG_WARN_OBJC_ROOT_CLASS = YES_ERROR;
				CLANG_WARN_QUOTED_INCLUDE_IN_FRAMEWORK_HEADER = YES;
				CLANG_WARN_RANGE_LOOP_ANALYSIS = YES;
				CLANG_WARN_STRICT_PROTOTYPES = YES;
				CLANG_WARN_SUSPICIOUS_MOVE = YES;
				CLANG_WARN_UNGUARDED_AVAILABILITY = YES_AGGRESSIVE;
				CLANG_WARN_UNREACHABLE_CODE = YES;
				CLANG_WARN__DUPLICATE_METHOD_MATCH = YES;
				COPY_PHASE_STRIP = NO;
				DEBUG_INFORMATION_FORMAT = dwarf;
				ENABLE_STRICT_OBJC_MSGSEND = YES;
				ENABLE_TESTABILITY = YES;
				GCC_C_LANGUAGE_STANDARD = gnu11;
				GCC_DYNAMIC_NO_PIC = NO;
				GCC_NO_COMMON_BLOCKS = YES;
				GCC_OPTIMIZATION_LEVEL = 0;
				GCC_PREPROCESSOR_DEFINITIONS = (
					"DEBUG=1",
					"$(inherited)",
				);
				GCC_WARN_64_TO_32_BIT_CONVERSION = YES;
				GCC_WARN_ABOUT_RETURN_TYPE = YES_ERROR;
				GCC_WARN_UNDECLARED_SELECTOR = YES;
				GCC_WARN_UNINITIALIZED_AUTOS = YES_AGGRESSIVE;
				GCC_WARN_UNUSED_FUNCTION = YES;
				GCC_WARN_UNUSED_VARIABLE = YES;
				IPHONEOS_DEPLOYMENT_TARGET = 15.5;
				MTL_ENABLE_DEBUG_INFO = INCLUDE_SOURCE;
				MTL_FAST_MATH = YES;
				ONLY_ACTIVE_ARCH = YES;
				SDKROOT = iphoneos;
				SWIFT_ACTIVE_COMPILATION_CONDITIONS = DEBUG;
				SWIFT_OPTIMIZATION_LEVEL = "-Onone";
			};
			name = Debug;
		};
		0E1749A5286F551300DEC0BA /* Release */ = {
			isa = XCBuildConfiguration;
			buildSettings = {
				ALWAYS_SEARCH_USER_PATHS = NO;
				CLANG_ANALYZER_NONNULL = YES;
				CLANG_ANALYZER_NUMBER_OBJECT_CONVERSION = YES_AGGRESSIVE;
				CLANG_CXX_LANGUAGE_STANDARD = "gnu++17";
				CLANG_ENABLE_MODULES = YES;
				CLANG_ENABLE_OBJC_ARC = YES;
				CLANG_ENABLE_OBJC_WEAK = YES;
				CLANG_WARN_BLOCK_CAPTURE_AUTORELEASING = YES;
				CLANG_WARN_BOOL_CONVERSION = YES;
				CLANG_WARN_COMMA = YES;
				CLANG_WARN_CONSTANT_CONVERSION = YES;
				CLANG_WARN_DEPRECATED_OBJC_IMPLEMENTATIONS = YES;
				CLANG_WARN_DIRECT_OBJC_ISA_USAGE = YES_ERROR;
				CLANG_WARN_DOCUMENTATION_COMMENTS = YES;
				CLANG_WARN_EMPTY_BODY = YES;
				CLANG_WARN_ENUM_CONVERSION = YES;
				CLANG_WARN_INFINITE_RECURSION = YES;
				CLANG_WARN_INT_CONVERSION = YES;
				CLANG_WARN_NON_LITERAL_NULL_CONVERSION = YES;
				CLANG_WARN_OBJC_IMPLICIT_RETAIN_SELF = YES;
				CLANG_WARN_OBJC_LITERAL_CONVERSION = YES;
				CLANG_WARN_OBJC_ROOT_CLASS = YES_ERROR;
				CLANG_WARN_QUOTED_INCLUDE_IN_FRAMEWORK_HEADER = YES;
				CLANG_WARN_RANGE_LOOP_ANALYSIS = YES;
				CLANG_WARN_STRICT_PROTOTYPES = YES;
				CLANG_WARN_SUSPICIOUS_MOVE = YES;
				CLANG_WARN_UNGUARDED_AVAILABILITY = YES_AGGRESSIVE;
				CLANG_WARN_UNREACHABLE_CODE = YES;
				CLANG_WARN__DUPLICATE_METHOD_MATCH = YES;
				COPY_PHASE_STRIP = NO;
				DEBUG_INFORMATION_FORMAT = "dwarf-with-dsym";
				ENABLE_NS_ASSERTIONS = NO;
				ENABLE_STRICT_OBJC_MSGSEND = YES;
				GCC_C_LANGUAGE_STANDARD = gnu11;
				GCC_NO_COMMON_BLOCKS = YES;
				GCC_WARN_64_TO_32_BIT_CONVERSION = YES;
				GCC_WARN_ABOUT_RETURN_TYPE = YES_ERROR;
				GCC_WARN_UNDECLARED_SELECTOR = YES;
				GCC_WARN_UNINITIALIZED_AUTOS = YES_AGGRESSIVE;
				GCC_WARN_UNUSED_FUNCTION = YES;
				GCC_WARN_UNUSED_VARIABLE = YES;
				IPHONEOS_DEPLOYMENT_TARGET = 15.5;
				MTL_ENABLE_DEBUG_INFO = NO;
				MTL_FAST_MATH = YES;
				SDKROOT = iphoneos;
				SWIFT_COMPILATION_MODE = wholemodule;
				SWIFT_OPTIMIZATION_LEVEL = "-O";
				VALIDATE_PRODUCT = YES;
			};
			name = Release;
		};
		0E1749A7286F551300DEC0BA /* Debug */ = {
			isa = XCBuildConfiguration;
			buildSettings = {
				ASSETCATALOG_COMPILER_APPICON_NAME = AppIcon;
				ASSETCATALOG_COMPILER_GLOBAL_ACCENT_COLOR_NAME = AccentColor;
				CODE_SIGN_STYLE = Automatic;
				CURRENT_PROJECT_VERSION = 1;
				DEVELOPMENT_ASSET_PATHS = "\"ilanur/Preview Content\"";
				DEVELOPMENT_TEAM = LW6HA26932;
				ENABLE_PREVIEWS = YES;
				GENERATE_INFOPLIST_FILE = YES;
				INFOPLIST_FILE = ilanur/Info.plist;
				INFOPLIST_KEY_NSLocationWhenInUseUsageDescription = "Konumunuza göre Ezan Saatlerinizi belirlemek için konumunuza erişmemiz gerekiyor.";
				INFOPLIST_KEY_UIApplicationSceneManifest_Generation = YES;
				INFOPLIST_KEY_UIApplicationSupportsIndirectInputEvents = YES;
				INFOPLIST_KEY_UILaunchScreen_Generation = YES;
				INFOPLIST_KEY_UISupportedInterfaceOrientations_iPad = "UIInterfaceOrientationPortrait UIInterfaceOrientationPortraitUpsideDown UIInterfaceOrientationLandscapeLeft UIInterfaceOrientationLandscapeRight";
				INFOPLIST_KEY_UISupportedInterfaceOrientations_iPhone = "UIInterfaceOrientationPortrait UIInterfaceOrientationLandscapeLeft UIInterfaceOrientationLandscapeRight";
				IPHONEOS_DEPLOYMENT_TARGET = 15.5;
				LD_RUNPATH_SEARCH_PATHS = (
					"$(inherited)",
					"@executable_path/Frameworks",
				);
				MARKETING_VERSION = 0.5.0;
				PRODUCT_BUNDLE_IDENTIFIER = dev.jz.ilanur;
				PRODUCT_NAME = "$(TARGET_NAME)";
				SWIFT_EMIT_LOC_STRINGS = YES;
				SWIFT_VERSION = 5.0;
				TARGETED_DEVICE_FAMILY = 1;
			};
			name = Debug;
		};
		0E1749A8286F551300DEC0BA /* Release */ = {
			isa = XCBuildConfiguration;
			buildSettings = {
				ASSETCATALOG_COMPILER_APPICON_NAME = AppIcon;
				ASSETCATALOG_COMPILER_GLOBAL_ACCENT_COLOR_NAME = AccentColor;
				CODE_SIGN_STYLE = Automatic;
				CURRENT_PROJECT_VERSION = 1;
				DEVELOPMENT_ASSET_PATHS = "\"ilanur/Preview Content\"";
				DEVELOPMENT_TEAM = LW6HA26932;
				ENABLE_PREVIEWS = YES;
				GENERATE_INFOPLIST_FILE = YES;
				INFOPLIST_FILE = ilanur/Info.plist;
				INFOPLIST_KEY_NSLocationWhenInUseUsageDescription = "Konumunuza göre Ezan Saatlerinizi belirlemek için konumunuza erişmemiz gerekiyor.";
				INFOPLIST_KEY_UIApplicationSceneManifest_Generation = YES;
				INFOPLIST_KEY_UIApplicationSupportsIndirectInputEvents = YES;
				INFOPLIST_KEY_UILaunchScreen_Generation = YES;
				INFOPLIST_KEY_UISupportedInterfaceOrientations_iPad = "UIInterfaceOrientationPortrait UIInterfaceOrientationPortraitUpsideDown UIInterfaceOrientationLandscapeLeft UIInterfaceOrientationLandscapeRight";
				INFOPLIST_KEY_UISupportedInterfaceOrientations_iPhone = "UIInterfaceOrientationPortrait UIInterfaceOrientationLandscapeLeft UIInterfaceOrientationLandscapeRight";
				IPHONEOS_DEPLOYMENT_TARGET = 15.5;
				LD_RUNPATH_SEARCH_PATHS = (
					"$(inherited)",
					"@executable_path/Frameworks",
				);
				MARKETING_VERSION = 0.5.0;
				PRODUCT_BUNDLE_IDENTIFIER = dev.jz.ilanur;
				PRODUCT_NAME = "$(TARGET_NAME)";
				SWIFT_EMIT_LOC_STRINGS = YES;
				SWIFT_VERSION = 5.0;
				TARGETED_DEVICE_FAMILY = 1;
			};
			name = Release;
		};
		0E1749AA286F551300DEC0BA /* Debug */ = {
			isa = XCBuildConfiguration;
			buildSettings = {
				ALWAYS_EMBED_SWIFT_STANDARD_LIBRARIES = YES;
				BUNDLE_LOADER = "$(TEST_HOST)";
				CODE_SIGN_STYLE = Automatic;
				CURRENT_PROJECT_VERSION = 1;
				DEVELOPMENT_TEAM = PY9XAZX4LT;
				GENERATE_INFOPLIST_FILE = YES;
				IPHONEOS_DEPLOYMENT_TARGET = 15.5;
				MARKETING_VERSION = 1.0;
				PRODUCT_BUNDLE_IDENTIFIER = com.adl.ilanurTests;
				PRODUCT_NAME = "$(TARGET_NAME)";
				SWIFT_EMIT_LOC_STRINGS = NO;
				SWIFT_VERSION = 5.0;
				TARGETED_DEVICE_FAMILY = "1,2";
				TEST_HOST = "$(BUILT_PRODUCTS_DIR)/ilanur.app/ilanur";
			};
			name = Debug;
		};
		0E1749AB286F551300DEC0BA /* Release */ = {
			isa = XCBuildConfiguration;
			buildSettings = {
				ALWAYS_EMBED_SWIFT_STANDARD_LIBRARIES = YES;
				BUNDLE_LOADER = "$(TEST_HOST)";
				CODE_SIGN_STYLE = Automatic;
				CURRENT_PROJECT_VERSION = 1;
				DEVELOPMENT_TEAM = PY9XAZX4LT;
				GENERATE_INFOPLIST_FILE = YES;
				IPHONEOS_DEPLOYMENT_TARGET = 15.5;
				MARKETING_VERSION = 1.0;
				PRODUCT_BUNDLE_IDENTIFIER = com.adl.ilanurTests;
				PRODUCT_NAME = "$(TARGET_NAME)";
				SWIFT_EMIT_LOC_STRINGS = NO;
				SWIFT_VERSION = 5.0;
				TARGETED_DEVICE_FAMILY = "1,2";
				TEST_HOST = "$(BUILT_PRODUCTS_DIR)/ilanur.app/ilanur";
			};
			name = Release;
		};
		0E1749AD286F551300DEC0BA /* Debug */ = {
			isa = XCBuildConfiguration;
			buildSettings = {
				ALWAYS_EMBED_SWIFT_STANDARD_LIBRARIES = YES;
				CODE_SIGN_STYLE = Automatic;
				CURRENT_PROJECT_VERSION = 1;
				DEVELOPMENT_TEAM = PY9XAZX4LT;
				GENERATE_INFOPLIST_FILE = YES;
				MARKETING_VERSION = 1.0;
				PRODUCT_BUNDLE_IDENTIFIER = com.adl.ilanurUITests;
				PRODUCT_NAME = "$(TARGET_NAME)";
				SWIFT_EMIT_LOC_STRINGS = NO;
				SWIFT_VERSION = 5.0;
				TARGETED_DEVICE_FAMILY = "1,2";
				TEST_TARGET_NAME = ilanur;
			};
			name = Debug;
		};
		0E1749AE286F551300DEC0BA /* Release */ = {
			isa = XCBuildConfiguration;
			buildSettings = {
				ALWAYS_EMBED_SWIFT_STANDARD_LIBRARIES = YES;
				CODE_SIGN_STYLE = Automatic;
				CURRENT_PROJECT_VERSION = 1;
				DEVELOPMENT_TEAM = PY9XAZX4LT;
				GENERATE_INFOPLIST_FILE = YES;
				MARKETING_VERSION = 1.0;
				PRODUCT_BUNDLE_IDENTIFIER = com.adl.ilanurUITests;
				PRODUCT_NAME = "$(TARGET_NAME)";
				SWIFT_EMIT_LOC_STRINGS = NO;
				SWIFT_VERSION = 5.0;
				TARGETED_DEVICE_FAMILY = "1,2";
				TEST_TARGET_NAME = ilanur;
			};
			name = Release;
		};
/* End XCBuildConfiguration section */

/* Begin XCConfigurationList section */
		0E17497D286F551000DEC0BA /* Build configuration list for PBXProject "ilanur" */ = {
			isa = XCConfigurationList;
			buildConfigurations = (
				0E1749A4286F551300DEC0BA /* Debug */,
				0E1749A5286F551300DEC0BA /* Release */,
			);
			defaultConfigurationIsVisible = 0;
			defaultConfigurationName = Release;
		};
		0E1749A6286F551300DEC0BA /* Build configuration list for PBXNativeTarget "ilanur" */ = {
			isa = XCConfigurationList;
			buildConfigurations = (
				0E1749A7286F551300DEC0BA /* Debug */,
				0E1749A8286F551300DEC0BA /* Release */,
			);
			defaultConfigurationIsVisible = 0;
			defaultConfigurationName = Release;
		};
		0E1749A9286F551300DEC0BA /* Build configuration list for PBXNativeTarget "ilanurTests" */ = {
			isa = XCConfigurationList;
			buildConfigurations = (
				0E1749AA286F551300DEC0BA /* Debug */,
				0E1749AB286F551300DEC0BA /* Release */,
			);
			defaultConfigurationIsVisible = 0;
			defaultConfigurationName = Release;
		};
		0E1749AC286F551300DEC0BA /* Build configuration list for PBXNativeTarget "ilanurUITests" */ = {
			isa = XCConfigurationList;
			buildConfigurations = (
				0E1749AD286F551300DEC0BA /* Debug */,
				0E1749AE286F551300DEC0BA /* Release */,
			);
			defaultConfigurationIsVisible = 0;
			defaultConfigurationName = Release;
		};
/* End XCConfigurationList section */

/* Begin XCRemoteSwiftPackageReference section */
		0EA9F21D286F95BE00ACCAD7 /* XCRemoteSwiftPackageReference "adhan-swift" */ = {
			isa = XCRemoteSwiftPackageReference;
			repositoryURL = "https://github.com/batoulapps/adhan-swift";
			requirement = {
				branch = main;
				kind = branch;
			};
		};
/* End XCRemoteSwiftPackageReference section */

/* Begin XCSwiftPackageProductDependency section */
		0EA9F21E286F95BE00ACCAD7 /* Adhan */ = {
			isa = XCSwiftPackageProductDependency;
			package = 0EA9F21D286F95BE00ACCAD7 /* XCRemoteSwiftPackageReference "adhan-swift" */;
			productName = Adhan;
		};
/* End XCSwiftPackageProductDependency section */
	};
	rootObject = 0E17497A286F551000DEC0BA /* Project object */;
}
